
Microsoft Visual Studio Solution File, Format Version 12.00
# Visual Studio 15
VisualStudioVersion = 15.0.26124.0
MinimumVisualStudioVersion = 15.0.26124.0
Project("{2150E333-8FDC-42A3-9474-1A3956D46DE8}") = "src", "src", "{4DBF1BE1-8FEB-49A7-9BEA-E0D2F76AA595}"
EndProject
Project("{FAE04EC0-301F-11D3-BF4B-00C04F79EFBC}") = "Vaquinha.Domain", "src\Vaquinha.Domain\Vaquinha.Domain.csproj", "{61294B5F-594A-4872-AEC7-27E3A59EE985}"
EndProject
Project("{FAE04EC0-301F-11D3-BF4B-00C04F79EFBC}") = "Vaquinha.MVC", "src\Vaquinha.MVC\Vaquinha.MVC.csproj", "{5956490A-FBEB-4946-8E84-FF40C95BF9AF}"
EndProject
Project("{FAE04EC0-301F-11D3-BF4B-00C04F79EFBC}") = "Vaquinha.Payment", "src\Vaquinha.Payment\Vaquinha.Payment.csproj", "{21964DA5-5CC8-426D-AF0F-5C5C65A12A5F}"
EndProject
Project("{FAE04EC0-301F-11D3-BF4B-00C04F79EFBC}") = "Vaquinha.Repository", "src\Vaquinha.Repository\Vaquinha.Repository.csproj", "{06368AE0-AE1A-4765-A337-5BEEC8046091}"
EndProject
Project("{FAE04EC0-301F-11D3-BF4B-00C04F79EFBC}") = "Vaquinha.Service", "src\Vaquinha.Service\Vaquinha.Service.csproj", "{22294DFA-0497-49A4-87E1-489B16B8B103}"
EndProject
Project("{2150E333-8FDC-42A3-9474-1A3956D46DE8}") = "tests", "tests", "{4B38FA6E-B7F8-411B-96FE-78704EB1D856}"
EndProject
Project("{FAE04EC0-301F-11D3-BF4B-00C04F79EFBC}") = "Vaquinha.Tests", "tests\Vaquinha.Tests\Vaquinha.Tests.csproj", "{E6CD5A70-7903-4793-B151-852C2F466A31}"
EndProject
Project("{FAE04EC0-301F-11D3-BF4B-00C04F79EFBC}") = "Vaquinha.AutomatedUITests", "tests\Vaquinha.AutomatedUITests\Vaquinha.AutomatedUITests.csproj", "{5F7D0D30-5E6B-4AF0-81DB-C7082A6347C7}"
EndProject
Global
	GlobalSection(SolutionConfigurationPlatforms) = preSolution
		Debug|Any CPU = Debug|Any CPU
		Debug|x64 = Debug|x64
		Debug|x86 = Debug|x86
		Release|Any CPU = Release|Any CPU
		Release|x64 = Release|x64
		Release|x86 = Release|x86
	EndGlobalSection
	GlobalSection(SolutionProperties) = preSolution
		HideSolutionNode = FALSE
	EndGlobalSection
	GlobalSection(ProjectConfigurationPlatforms) = postSolution
		{61294B5F-594A-4872-AEC7-27E3A59EE985}.Debug|Any CPU.ActiveCfg = Debug|Any CPU
		{61294B5F-594A-4872-AEC7-27E3A59EE985}.Debug|Any CPU.Build.0 = Debug|Any CPU
		{61294B5F-594A-4872-AEC7-27E3A59EE985}.Debug|x64.ActiveCfg = Debug|Any CPU
		{61294B5F-594A-4872-AEC7-27E3A59EE985}.Debug|x64.Build.0 = Debug|Any CPU
		{61294B5F-594A-4872-AEC7-27E3A59EE985}.Debug|x86.ActiveCfg = Debug|Any CPU
		{61294B5F-594A-4872-AEC7-27E3A59EE985}.Debug|x86.Build.0 = Debug|Any CPU
		{61294B5F-594A-4872-AEC7-27E3A59EE985}.Release|Any CPU.ActiveCfg = Release|Any CPU
		{61294B5F-594A-4872-AEC7-27E3A59EE985}.Release|Any CPU.Build.0 = Release|Any CPU
		{61294B5F-594A-4872-AEC7-27E3A59EE985}.Release|x64.ActiveCfg = Release|Any CPU
		{61294B5F-594A-4872-AEC7-27E3A59EE985}.Release|x64.Build.0 = Release|Any CPU
		{61294B5F-594A-4872-AEC7-27E3A59EE985}.Release|x86.ActiveCfg = Release|Any CPU
		{61294B5F-594A-4872-AEC7-27E3A59EE985}.Release|x86.Build.0 = Release|Any CPU
		{5956490A-FBEB-4946-8E84-FF40C95BF9AF}.Debug|Any CPU.ActiveCfg = Debug|Any CPU
		{5956490A-FBEB-4946-8E84-FF40C95BF9AF}.Debug|Any CPU.Build.0 = Debug|Any CPU
		{5956490A-FBEB-4946-8E84-FF40C95BF9AF}.Debug|x64.ActiveCfg = Debug|Any CPU
		{5956490A-FBEB-4946-8E84-FF40C95BF9AF}.Debug|x64.Build.0 = Debug|Any CPU
		{5956490A-FBEB-4946-8E84-FF40C95BF9AF}.Debug|x86.ActiveCfg = Debug|Any CPU
		{5956490A-FBEB-4946-8E84-FF40C95BF9AF}.Debug|x86.Build.0 = Debug|Any CPU
		{5956490A-FBEB-4946-8E84-FF40C95BF9AF}.Release|Any CPU.ActiveCfg = Release|Any CPU
		{5956490A-FBEB-4946-8E84-FF40C95BF9AF}.Release|Any CPU.Build.0 = Release|Any CPU
		{5956490A-FBEB-4946-8E84-FF40C95BF9AF}.Release|x64.ActiveCfg = Release|Any CPU
		{5956490A-FBEB-4946-8E84-FF40C95BF9AF}.Release|x64.Build.0 = Release|Any CPU
		{5956490A-FBEB-4946-8E84-FF40C95BF9AF}.Release|x86.ActiveCfg = Release|Any CPU
		{5956490A-FBEB-4946-8E84-FF40C95BF9AF}.Release|x86.Build.0 = Release|Any CPU
		{21964DA5-5CC8-426D-AF0F-5C5C65A12A5F}.Debug|Any CPU.ActiveCfg = Debug|Any CPU
		{21964DA5-5CC8-426D-AF0F-5C5C65A12A5F}.Debug|Any CPU.Build.0 = Debug|Any CPU
		{21964DA5-5CC8-426D-AF0F-5C5C65A12A5F}.Debug|x64.ActiveCfg = Debug|Any CPU
		{21964DA5-5CC8-426D-AF0F-5C5C65A12A5F}.Debug|x64.Build.0 = Debug|Any CPU
		{21964DA5-5CC8-426D-AF0F-5C5C65A12A5F}.Debug|x86.ActiveCfg = Debug|Any CPU
		{21964DA5-5CC8-426D-AF0F-5C5C65A12A5F}.Debug|x86.Build.0 = Debug|Any CPU
		{21964DA5-5CC8-426D-AF0F-5C5C65A12A5F}.Release|Any CPU.ActiveCfg = Release|Any CPU
		{21964DA5-5CC8-426D-AF0F-5C5C65A12A5F}.Release|Any CPU.Build.0 = Release|Any CPU
		{21964DA5-5CC8-426D-AF0F-5C5C65A12A5F}.Release|x64.ActiveCfg = Release|Any CPU
		{21964DA5-5CC8-426D-AF0F-5C5C65A12A5F}.Release|x64.Build.0 = Release|Any CPU
		{21964DA5-5CC8-426D-AF0F-5C5C65A12A5F}.Release|x86.ActiveCfg = Release|Any CPU
		{21964DA5-5CC8-426D-AF0F-5C5C65A12A5F}.Release|x86.Build.0 = Release|Any CPU
		{06368AE0-AE1A-4765-A337-5BEEC8046091}.Debug|Any CPU.ActiveCfg = Debug|Any CPU
		{06368AE0-AE1A-4765-A337-5BEEC8046091}.Debug|Any CPU.Build.0 = Debug|Any CPU
		{06368AE0-AE1A-4765-A337-5BEEC8046091}.Debug|x64.ActiveCfg = Debug|Any CPU
		{06368AE0-AE1A-4765-A337-5BEEC8046091}.Debug|x64.Build.0 = Debug|Any CPU
		{06368AE0-AE1A-4765-A337-5BEEC8046091}.Debug|x86.ActiveCfg = Debug|Any CPU
		{06368AE0-AE1A-4765-A337-5BEEC8046091}.Debug|x86.Build.0 = Debug|Any CPU
		{06368AE0-AE1A-4765-A337-5BEEC8046091}.Release|Any CPU.ActiveCfg = Release|Any CPU
		{06368AE0-AE1A-4765-A337-5BEEC8046091}.Release|Any CPU.Build.0 = Release|Any CPU
		{06368AE0-AE1A-4765-A337-5BEEC8046091}.Release|x64.ActiveCfg = Release|Any CPU
		{06368AE0-AE1A-4765-A337-5BEEC8046091}.Release|x64.Build.0 = Release|Any CPU
		{06368AE0-AE1A-4765-A337-5BEEC8046091}.Release|x86.ActiveCfg = Release|Any CPU
		{06368AE0-AE1A-4765-A337-5BEEC8046091}.Release|x86.Build.0 = Release|Any CPU
		{22294DFA-0497-49A4-87E1-489B16B8B103}.Debug|Any CPU.ActiveCfg = Debug|Any CPU
		{22294DFA-0497-49A4-87E1-489B16B8B103}.Debug|Any CPU.Build.0 = Debug|Any CPU
		{22294DFA-0497-49A4-87E1-489B16B8B103}.Debug|x64.ActiveCfg = Debug|Any CPU
		{22294DFA-0497-49A4-87E1-489B16B8B103}.Debug|x64.Build.0 = Debug|Any CPU
		{22294DFA-0497-49A4-87E1-489B16B8B103}.Debug|x86.ActiveCfg = Debug|Any CPU
		{22294DFA-0497-49A4-87E1-489B16B8B103}.Debug|x86.Build.0 = Debug|Any CPU
		{22294DFA-0497-49A4-87E1-489B16B8B103}.Release|Any CPU.ActiveCfg = Release|Any CPU
		{22294DFA-0497-49A4-87E1-489B16B8B103}.Release|Any CPU.Build.0 = Release|Any CPU
		{22294DFA-0497-49A4-87E1-489B16B8B103}.Release|x64.ActiveCfg = Release|Any CPU
		{22294DFA-0497-49A4-87E1-489B16B8B103}.Release|x64.Build.0 = Release|Any CPU
		{22294DFA-0497-49A4-87E1-489B16B8B103}.Release|x86.ActiveCfg = Release|Any CPU
		{22294DFA-0497-49A4-87E1-489B16B8B103}.Release|x86.Build.0 = Release|Any CPU
		{E6CD5A70-7903-4793-B151-852C2F466A31}.Debug|Any CPU.ActiveCfg = Debug|Any CPU
		{E6CD5A70-7903-4793-B151-852C2F466A31}.Debug|Any CPU.Build.0 = Debug|Any CPU
		{E6CD5A70-7903-4793-B151-852C2F466A31}.Debug|x64.ActiveCfg = Debug|Any CPU
		{E6CD5A70-7903-4793-B151-852C2F466A31}.Debug|x64.Build.0 = Debug|Any CPU
		{E6CD5A70-7903-4793-B151-852C2F466A31}.Debug|x86.ActiveCfg = Debug|Any CPU
		{E6CD5A70-7903-4793-B151-852C2F466A31}.Debug|x86.Build.0 = Debug|Any CPU
		{E6CD5A70-7903-4793-B151-852C2F466A31}.Release|Any CPU.ActiveCfg = Release|Any CPU
		{E6CD5A70-7903-4793-B151-852C2F466A31}.Release|Any CPU.Build.0 = Release|Any CPU
		{E6CD5A70-7903-4793-B151-852C2F466A31}.Release|x64.ActiveCfg = Release|Any CPU
		{E6CD5A70-7903-4793-B151-852C2F466A31}.Release|x64.Build.0 = Release|Any CPU
		{E6CD5A70-7903-4793-B151-852C2F466A31}.Release|x86.ActiveCfg = Release|Any CPU
		{E6CD5A70-7903-4793-B151-852C2F466A31}.Release|x86.Build.0 = Release|Any CPU
		{5F7D0D30-5E6B-4AF0-81DB-C7082A6347C7}.Debug|Any CPU.ActiveCfg = Debug|Any CPU
		{5F7D0D30-5E6B-4AF0-81DB-C7082A6347C7}.Debug|Any CPU.Build.0 = Debug|Any CPU
		{5F7D0D30-5E6B-4AF0-81DB-C7082A6347C7}.Debug|x64.ActiveCfg = Debug|Any CPU
		{5F7D0D30-5E6B-4AF0-81DB-C7082A6347C7}.Debug|x64.Build.0 = Debug|Any CPU
		{5F7D0D30-5E6B-4AF0-81DB-C7082A6347C7}.Debug|x86.ActiveCfg = Debug|Any CPU
		{5F7D0D30-5E6B-4AF0-81DB-C7082A6347C7}.Debug|x86.Build.0 = Debug|Any CPU
		{5F7D0D30-5E6B-4AF0-81DB-C7082A6347C7}.Release|Any CPU.ActiveCfg = Release|Any CPU
		{5F7D0D30-5E6B-4AF0-81DB-C7082A6347C7}.Release|Any CPU.Build.0 = Release|Any CPU
		{5F7D0D30-5E6B-4AF0-81DB-C7082A6347C7}.Release|x64.ActiveCfg = Release|Any CPU
		{5F7D0D30-5E6B-4AF0-81DB-C7082A6347C7}.Release|x64.Build.0 = Release|Any CPU
		{5F7D0D30-5E6B-4AF0-81DB-C7082A6347C7}.Release|x86.ActiveCfg = Release|Any CPU
		{5F7D0D30-5E6B-4AF0-81DB-C7082A6347C7}.Release|x86.Build.0 = Release|Any CPU
	EndGlobalSection
	GlobalSection(NestedProjects) = preSolution
		{61294B5F-594A-4872-AEC7-27E3A59EE985} = {4DBF1BE1-8FEB-49A7-9BEA-E0D2F76AA595}
		{5956490A-FBEB-4946-8E84-FF40C95BF9AF} = {4DBF1BE1-8FEB-49A7-9BEA-E0D2F76AA595}
		{21964DA5-5CC8-426D-AF0F-5C5C65A12A5F} = {4DBF1BE1-8FEB-49A7-9BEA-E0D2F76AA595}
		{06368AE0-AE1A-4765-A337-5BEEC8046091} = {4DBF1BE1-8FEB-49A7-9BEA-E0D2F76AA595}
		{22294DFA-0497-49A4-87E1-489B16B8B103} = {4DBF1BE1-8FEB-49A7-9BEA-E0D2F76AA595}
		{E6CD5A70-7903-4793-B151-852C2F466A31} = {4B38FA6E-B7F8-411B-96FE-78704EB1D856}
		{5F7D0D30-5E6B-4AF0-81DB-C7082A6347C7} = {4B38FA6E-B7F8-411B-96FE-78704EB1D856}
	EndGlobalSection
EndGlobal
