
Microsoft Visual Studio Solution File, Format Version 12.00
# Visual Studio Version 16
VisualStudioVersion = 16.0.30011.22
MinimumVisualStudioVersion = 15.0.26124.0
Project("{9A19103F-16F7-4668-BE54-9A1E7A4F7556}") = "Vaquinha.Domain", "src\Vaquinha.Domain\Vaquinha.Domain.csproj", "{61294B5F-594A-4872-AEC7-27E3A59EE985}"
EndProject
Project("{9A19103F-16F7-4668-BE54-9A1E7A4F7556}") = "Vaquinha.Repository", "src\Vaquinha.Repository\Vaquinha.Repository.csproj", "{06368AE0-AE1A-4765-A337-5BEEC8046091}"
EndProject
Project("{9A19103F-16F7-4668-BE54-9A1E7A4F7556}") = "Vaquinha.Service", "src\Vaquinha.Service\Vaquinha.Service.csproj", "{22294DFA-0497-49A4-87E1-489B16B8B103}"
EndProject
Project("{2150E333-8FDC-42A3-9474-1A3956D46DE8}") = "0-Mvc", "0-Mvc", "{A2602C3A-CD45-439C-A19E-68F8ED551CA8}"
EndProject
Project("{2150E333-8FDC-42A3-9474-1A3956D46DE8}") = "1-Services", "1-Services", "{D224C730-BC83-45B8-9F2E-6AA7178726DD}"
EndProject
Project("{2150E333-8FDC-42A3-9474-1A3956D46DE8}") = "2-Repository", "2-Repository", "{F64DB171-D27D-4026-91C6-EEBAA6729890}"
EndProject
Project("{2150E333-8FDC-42A3-9474-1A3956D46DE8}") = "3-Domain", "3-Domain", "{529349E2-AD45-41E6-BE90-2B0179E24EB6}"
EndProject
Project("{9A19103F-16F7-4668-BE54-9A1E7A4F7556}") = "Vaquinha.MVC", "src\Vaquinha.MVC\Vaquinha.MVC.csproj", "{E36FE70F-67AD-46A6-B2F3-6235199C69EB}"
EndProject
Project("{2150E333-8FDC-42A3-9474-1A3956D46DE8}") = "4-Tests", "4-Tests", "{0F3178BF-1472-42EA-BF3E-EFA28ED41747}"
EndProject
Project("{9A19103F-16F7-4668-BE54-9A1E7A4F7556}") = "Vaquinha.Automated.UI.Tests", "tests\Vaquinha.Automated.UI.Tests\Vaquinha.Automated.UI.Tests.csproj", "{1FFB2B1A-6870-49CB-98AD-0486AA07D09F}"
EndProject
Project("{9A19103F-16F7-4668-BE54-9A1E7A4F7556}") = "Vaquinha.Unit.Tests", "tests\Vaquinha.Unit.Tests\Vaquinha.Unit.Tests.csproj", "{67647173-EA66-4325-88F4-BC84E7995FC9}"
EndProject
Project("{FAE04EC0-301F-11D3-BF4B-00C04F79EFBC}") = "Vaquinha.Integration.Tests", "tests\Vaquinha.Integration.Tests\Vaquinha.Integration.Tests.csproj", "{DC5EE830-F8C2-480E-AB24-02D55D05B0D6}"
EndProject
Project("{FAE04EC0-301F-11D3-BF4B-00C04F79EFBC}") = "Vaquinha.Tests.Common", "tests\Vaquinha.Tests.Common\Vaquinha.Tests.Common.csproj", "{69F7D243-7685-4435-B171-382E1662C289}"
EndProject
Global
	GlobalSection(SolutionConfigurationPlatforms) = preSolution
		Debug|Any CPU = Debug|Any CPU
		Debug|x64 = Debug|x64
		Debug|x86 = Debug|x86
		Release|Any CPU = Release|Any CPU
		Release|x64 = Release|x64
		Release|x86 = Release|x86
	EndGlobalSection
	GlobalSection(ProjectConfigurationPlatforms) = postSolution
		{61294B5F-594A-4872-AEC7-27E3A59EE985}.Debug|Any CPU.ActiveCfg = Debug|Any CPU
		{61294B5F-594A-4872-AEC7-27E3A59EE985}.Debug|Any CPU.Build.0 = Debug|Any CPU
		{61294B5F-594A-4872-AEC7-27E3A59EE985}.Debug|x64.ActiveCfg = Debug|Any CPU
		{61294B5F-594A-4872-AEC7-27E3A59EE985}.Debug|x64.Build.0 = Debug|Any CPU
		{61294B5F-594A-4872-AEC7-27E3A59EE985}.Debug|x86.ActiveCfg = Debug|Any CPU
		{61294B5F-594A-4872-AEC7-27E3A59EE985}.Debug|x86.Build.0 = Debug|Any CPU
		{61294B5F-594A-4872-AEC7-27E3A59EE985}.Release|Any CPU.ActiveCfg = Release|Any CPU
		{61294B5F-594A-4872-AEC7-27E3A59EE985}.Release|Any CPU.Build.0 = Release|Any CPU
		{61294B5F-594A-4872-AEC7-27E3A59EE985}.Release|x64.ActiveCfg = Release|Any CPU
		{61294B5F-594A-4872-AEC7-27E3A59EE985}.Release|x64.Build.0 = Release|Any CPU
		{61294B5F-594A-4872-AEC7-27E3A59EE985}.Release|x86.ActiveCfg = Release|Any CPU
		{61294B5F-594A-4872-AEC7-27E3A59EE985}.Release|x86.Build.0 = Release|Any CPU
		{06368AE0-AE1A-4765-A337-5BEEC8046091}.Debug|Any CPU.ActiveCfg = Debug|Any CPU
		{06368AE0-AE1A-4765-A337-5BEEC8046091}.Debug|Any CPU.Build.0 = Debug|Any CPU
		{06368AE0-AE1A-4765-A337-5BEEC8046091}.Debug|x64.ActiveCfg = Debug|Any CPU
		{06368AE0-AE1A-4765-A337-5BEEC8046091}.Debug|x64.Build.0 = Debug|Any CPU
		{06368AE0-AE1A-4765-A337-5BEEC8046091}.Debug|x86.ActiveCfg = Debug|Any CPU
		{06368AE0-AE1A-4765-A337-5BEEC8046091}.Debug|x86.Build.0 = Debug|Any CPU
		{06368AE0-AE1A-4765-A337-5BEEC8046091}.Release|Any CPU.ActiveCfg = Release|Any CPU
		{06368AE0-AE1A-4765-A337-5BEEC8046091}.Release|Any CPU.Build.0 = Release|Any CPU
		{06368AE0-AE1A-4765-A337-5BEEC8046091}.Release|x64.ActiveCfg = Release|Any CPU
		{06368AE0-AE1A-4765-A337-5BEEC8046091}.Release|x64.Build.0 = Release|Any CPU
		{06368AE0-AE1A-4765-A337-5BEEC8046091}.Release|x86.ActiveCfg = Release|Any CPU
		{06368AE0-AE1A-4765-A337-5BEEC8046091}.Release|x86.Build.0 = Release|Any CPU
		{22294DFA-0497-49A4-87E1-489B16B8B103}.Debug|Any CPU.ActiveCfg = Debug|Any CPU
		{22294DFA-0497-49A4-87E1-489B16B8B103}.Debug|Any CPU.Build.0 = Debug|Any CPU
		{22294DFA-0497-49A4-87E1-489B16B8B103}.Debug|x64.ActiveCfg = Debug|Any CPU
		{22294DFA-0497-49A4-87E1-489B16B8B103}.Debug|x64.Build.0 = Debug|Any CPU
		{22294DFA-0497-49A4-87E1-489B16B8B103}.Debug|x86.ActiveCfg = Debug|Any CPU
		{22294DFA-0497-49A4-87E1-489B16B8B103}.Debug|x86.Build.0 = Debug|Any CPU
		{22294DFA-0497-49A4-87E1-489B16B8B103}.Release|Any CPU.ActiveCfg = Release|Any CPU
		{22294DFA-0497-49A4-87E1-489B16B8B103}.Release|Any CPU.Build.0 = Release|Any CPU
		{22294DFA-0497-49A4-87E1-489B16B8B103}.Release|x64.ActiveCfg = Release|Any CPU
		{22294DFA-0497-49A4-87E1-489B16B8B103}.Release|x64.Build.0 = Release|Any CPU
		{22294DFA-0497-49A4-87E1-489B16B8B103}.Release|x86.ActiveCfg = Release|Any CPU
		{22294DFA-0497-49A4-87E1-489B16B8B103}.Release|x86.Build.0 = Release|Any CPU
		{E36FE70F-67AD-46A6-B2F3-6235199C69EB}.Debug|Any CPU.ActiveCfg = Debug|Any CPU
		{E36FE70F-67AD-46A6-B2F3-6235199C69EB}.Debug|Any CPU.Build.0 = Debug|Any CPU
		{E36FE70F-67AD-46A6-B2F3-6235199C69EB}.Debug|x64.ActiveCfg = Debug|Any CPU
		{E36FE70F-67AD-46A6-B2F3-6235199C69EB}.Debug|x64.Build.0 = Debug|Any CPU
		{E36FE70F-67AD-46A6-B2F3-6235199C69EB}.Debug|x86.ActiveCfg = Debug|Any CPU
		{E36FE70F-67AD-46A6-B2F3-6235199C69EB}.Debug|x86.Build.0 = Debug|Any CPU
		{E36FE70F-67AD-46A6-B2F3-6235199C69EB}.Release|Any CPU.ActiveCfg = Release|Any CPU
		{E36FE70F-67AD-46A6-B2F3-6235199C69EB}.Release|Any CPU.Build.0 = Release|Any CPU
		{E36FE70F-67AD-46A6-B2F3-6235199C69EB}.Release|x64.ActiveCfg = Release|Any CPU
		{E36FE70F-67AD-46A6-B2F3-6235199C69EB}.Release|x64.Build.0 = Release|Any CPU
		{E36FE70F-67AD-46A6-B2F3-6235199C69EB}.Release|x86.ActiveCfg = Release|Any CPU
		{E36FE70F-67AD-46A6-B2F3-6235199C69EB}.Release|x86.Build.0 = Release|Any CPU
		{1FFB2B1A-6870-49CB-98AD-0486AA07D09F}.Debug|Any CPU.ActiveCfg = Debug|Any CPU
		{1FFB2B1A-6870-49CB-98AD-0486AA07D09F}.Debug|Any CPU.Build.0 = Debug|Any CPU
		{1FFB2B1A-6870-49CB-98AD-0486AA07D09F}.Debug|x64.ActiveCfg = Debug|Any CPU
		{1FFB2B1A-6870-49CB-98AD-0486AA07D09F}.Debug|x64.Build.0 = Debug|Any CPU
		{1FFB2B1A-6870-49CB-98AD-0486AA07D09F}.Debug|x86.ActiveCfg = Debug|Any CPU
		{1FFB2B1A-6870-49CB-98AD-0486AA07D09F}.Debug|x86.Build.0 = Debug|Any CPU
		{1FFB2B1A-6870-49CB-98AD-0486AA07D09F}.Release|Any CPU.ActiveCfg = Release|Any CPU
		{1FFB2B1A-6870-49CB-98AD-0486AA07D09F}.Release|Any CPU.Build.0 = Release|Any CPU
		{1FFB2B1A-6870-49CB-98AD-0486AA07D09F}.Release|x64.ActiveCfg = Release|Any CPU
		{1FFB2B1A-6870-49CB-98AD-0486AA07D09F}.Release|x64.Build.0 = Release|Any CPU
		{1FFB2B1A-6870-49CB-98AD-0486AA07D09F}.Release|x86.ActiveCfg = Release|Any CPU
		{1FFB2B1A-6870-49CB-98AD-0486AA07D09F}.Release|x86.Build.0 = Release|Any CPU
		{67647173-EA66-4325-88F4-BC84E7995FC9}.Debug|Any CPU.ActiveCfg = Debug|Any CPU
		{67647173-EA66-4325-88F4-BC84E7995FC9}.Debug|Any CPU.Build.0 = Debug|Any CPU
		{67647173-EA66-4325-88F4-BC84E7995FC9}.Debug|x64.ActiveCfg = Debug|Any CPU
		{67647173-EA66-4325-88F4-BC84E7995FC9}.Debug|x64.Build.0 = Debug|Any CPU
		{67647173-EA66-4325-88F4-BC84E7995FC9}.Debug|x86.ActiveCfg = Debug|Any CPU
		{67647173-EA66-4325-88F4-BC84E7995FC9}.Debug|x86.Build.0 = Debug|Any CPU
		{67647173-EA66-4325-88F4-BC84E7995FC9}.Release|Any CPU.ActiveCfg = Release|Any CPU
		{67647173-EA66-4325-88F4-BC84E7995FC9}.Release|Any CPU.Build.0 = Release|Any CPU
		{67647173-EA66-4325-88F4-BC84E7995FC9}.Release|x64.ActiveCfg = Release|Any CPU
		{67647173-EA66-4325-88F4-BC84E7995FC9}.Release|x64.Build.0 = Release|Any CPU
		{67647173-EA66-4325-88F4-BC84E7995FC9}.Release|x86.ActiveCfg = Release|Any CPU
		{67647173-EA66-4325-88F4-BC84E7995FC9}.Release|x86.Build.0 = Release|Any CPU
		{DC5EE830-F8C2-480E-AB24-02D55D05B0D6}.Debug|Any CPU.ActiveCfg = Debug|Any CPU
		{DC5EE830-F8C2-480E-AB24-02D55D05B0D6}.Debug|Any CPU.Build.0 = Debug|Any CPU
		{DC5EE830-F8C2-480E-AB24-02D55D05B0D6}.Debug|x64.ActiveCfg = Debug|Any CPU
		{DC5EE830-F8C2-480E-AB24-02D55D05B0D6}.Debug|x64.Build.0 = Debug|Any CPU
		{DC5EE830-F8C2-480E-AB24-02D55D05B0D6}.Debug|x86.ActiveCfg = Debug|Any CPU
		{DC5EE830-F8C2-480E-AB24-02D55D05B0D6}.Debug|x86.Build.0 = Debug|Any CPU
		{DC5EE830-F8C2-480E-AB24-02D55D05B0D6}.Release|Any CPU.ActiveCfg = Release|Any CPU
		{DC5EE830-F8C2-480E-AB24-02D55D05B0D6}.Release|Any CPU.Build.0 = Release|Any CPU
		{DC5EE830-F8C2-480E-AB24-02D55D05B0D6}.Release|x64.ActiveCfg = Release|Any CPU
		{DC5EE830-F8C2-480E-AB24-02D55D05B0D6}.Release|x64.Build.0 = Release|Any CPU
		{DC5EE830-F8C2-480E-AB24-02D55D05B0D6}.Release|x86.ActiveCfg = Release|Any CPU
		{DC5EE830-F8C2-480E-AB24-02D55D05B0D6}.Release|x86.Build.0 = Release|Any CPU
		{69F7D243-7685-4435-B171-382E1662C289}.Debug|Any CPU.ActiveCfg = Debug|Any CPU
		{69F7D243-7685-4435-B171-382E1662C289}.Debug|Any CPU.Build.0 = Debug|Any CPU
		{69F7D243-7685-4435-B171-382E1662C289}.Debug|x64.ActiveCfg = Debug|Any CPU
		{69F7D243-7685-4435-B171-382E1662C289}.Debug|x64.Build.0 = Debug|Any CPU
		{69F7D243-7685-4435-B171-382E1662C289}.Debug|x86.ActiveCfg = Debug|Any CPU
		{69F7D243-7685-4435-B171-382E1662C289}.Debug|x86.Build.0 = Debug|Any CPU
		{69F7D243-7685-4435-B171-382E1662C289}.Release|Any CPU.ActiveCfg = Release|Any CPU
		{69F7D243-7685-4435-B171-382E1662C289}.Release|Any CPU.Build.0 = Release|Any CPU
		{69F7D243-7685-4435-B171-382E1662C289}.Release|x64.ActiveCfg = Release|Any CPU
		{69F7D243-7685-4435-B171-382E1662C289}.Release|x64.Build.0 = Release|Any CPU
		{69F7D243-7685-4435-B171-382E1662C289}.Release|x86.ActiveCfg = Release|Any CPU
		{69F7D243-7685-4435-B171-382E1662C289}.Release|x86.Build.0 = Release|Any CPU
	EndGlobalSection
	GlobalSection(SolutionProperties) = preSolution
		HideSolutionNode = FALSE
	EndGlobalSection
	GlobalSection(NestedProjects) = preSolution
		{61294B5F-594A-4872-AEC7-27E3A59EE985} = {529349E2-AD45-41E6-BE90-2B0179E24EB6}
		{06368AE0-AE1A-4765-A337-5BEEC8046091} = {F64DB171-D27D-4026-91C6-EEBAA6729890}
		{22294DFA-0497-49A4-87E1-489B16B8B103} = {D224C730-BC83-45B8-9F2E-6AA7178726DD}
		{E36FE70F-67AD-46A6-B2F3-6235199C69EB} = {A2602C3A-CD45-439C-A19E-68F8ED551CA8}
		{1FFB2B1A-6870-49CB-98AD-0486AA07D09F} = {0F3178BF-1472-42EA-BF3E-EFA28ED41747}
		{67647173-EA66-4325-88F4-BC84E7995FC9} = {0F3178BF-1472-42EA-BF3E-EFA28ED41747}
		{DC5EE830-F8C2-480E-AB24-02D55D05B0D6} = {0F3178BF-1472-42EA-BF3E-EFA28ED41747}
		{69F7D243-7685-4435-B171-382E1662C289} = {0F3178BF-1472-42EA-BF3E-EFA28ED41747}
	EndGlobalSection
	GlobalSection(ExtensibilityGlobals) = postSolution
		SolutionGuid = {2E3EC689-DC36-46AF-80CE-8B2BADF5545C}
	EndGlobalSection
EndGlobal
